// !$*UTF8*$!
{
	archiveVersion = 1;
	classes = {
	};
	objectVersion = 55;
	objects = {

/* Begin PBXBuildFile section */
		E50135D52897994F00B36D9D /* PuzzlePresenter.swift in Sources */ = {isa = PBXBuildFile; fileRef = E50135D42897994F00B36D9D /* PuzzlePresenter.swift */; };
		E503E26228982D9F00BA6133 /* PuzzleDetailViewController.swift in Sources */ = {isa = PBXBuildFile; fileRef = E503E26128982D9F00BA6133 /* PuzzleDetailViewController.swift */; };
		E511A7F428AA12E700E46114 /* BibleJson.swift in Sources */ = {isa = PBXBuildFile; fileRef = E511A7F328AA12E700E46114 /* BibleJson.swift */; };
		E511A7F628AA173C00E46114 /* jsonbible.json in Resources */ = {isa = PBXBuildFile; fileRef = E511A7F528AA173C00E46114 /* jsonbible.json */; };
		E5274902288F7A400070AEDA /* TabbarController.swift in Sources */ = {isa = PBXBuildFile; fileRef = E5274901288F7A400070AEDA /* TabbarController.swift */; };
		E5274904288F7BC20070AEDA /* PuzzleViewController.swift in Sources */ = {isa = PBXBuildFile; fileRef = E5274903288F7BC20070AEDA /* PuzzleViewController.swift */; };
		E5274907288FB6D70070AEDA /* Puzzle.swift in Sources */ = {isa = PBXBuildFile; fileRef = E5274906288FB6D70070AEDA /* Puzzle.swift */; };
		E529F1C728935D1D00B37A13 /* UIColor+.swift in Sources */ = {isa = PBXBuildFile; fileRef = E529F1C628935D1D00B37A13 /* UIColor+.swift */; };
		E529F1CA28937CD300B37A13 /* Toast in Frameworks */ = {isa = PBXBuildFile; productRef = E529F1C928937CD300B37A13 /* Toast */; };
		E532384D289E47E100B69749 /* success.json in Resources */ = {isa = PBXBuildFile; fileRef = E532384C289E47E100B69749 /* success.json */; };
		E5323850289E497800B69749 /* Lottie in Frameworks */ = {isa = PBXBuildFile; productRef = E532384F289E497800B69749 /* Lottie */; };
		E53C860B28ACCD5C00D3D734 /* intro.json in Resources */ = {isa = PBXBuildFile; fileRef = E53C860A28ACCD5C00D3D734 /* intro.json */; };
		E5475DB228BA160800BDFC0F /* correct.json in Resources */ = {isa = PBXBuildFile; fileRef = E5475DB128BA160800BDFC0F /* correct.json */; };
		E54F9903287E9CAA00A59A77 /* UserDefaultsManager.swift in Sources */ = {isa = PBXBuildFile; fileRef = E54F9902287E9CAA00A59A77 /* UserDefaultsManager.swift */; };
		E54F9905287E9F7400A59A77 /* User.swift in Sources */ = {isa = PBXBuildFile; fileRef = E54F9904287E9F7400A59A77 /* User.swift */; };
		E5652B342873CE09001B0B5F /* AppDelegate.swift in Sources */ = {isa = PBXBuildFile; fileRef = E5652B332873CE09001B0B5F /* AppDelegate.swift */; };
		E5652B362873CE09001B0B5F /* SceneDelegate.swift in Sources */ = {isa = PBXBuildFile; fileRef = E5652B352873CE09001B0B5F /* SceneDelegate.swift */; };
		E5652B3D2873CE0A001B0B5F /* Assets.xcassets in Resources */ = {isa = PBXBuildFile; fileRef = E5652B3C2873CE0A001B0B5F /* Assets.xcassets */; };
		E5652B402873CE0A001B0B5F /* LaunchScreen.storyboard in Resources */ = {isa = PBXBuildFile; fileRef = E5652B3E2873CE0A001B0B5F /* LaunchScreen.storyboard */; };
		E5652B4B2873CE0A001B0B5F /* BibleTypingTests.swift in Sources */ = {isa = PBXBuildFile; fileRef = E5652B4A2873CE0A001B0B5F /* BibleTypingTests.swift */; };
		E5652B552873CE0A001B0B5F /* BibleTypingUITests.swift in Sources */ = {isa = PBXBuildFile; fileRef = E5652B542873CE0A001B0B5F /* BibleTypingUITests.swift */; };
		E5652B572873CE0A001B0B5F /* BibleTypingUITestsLaunchTests.swift in Sources */ = {isa = PBXBuildFile; fileRef = E5652B562873CE0A001B0B5F /* BibleTypingUITestsLaunchTests.swift */; };
		E5652B652873D8FF001B0B5F /* Record.swift in Sources */ = {isa = PBXBuildFile; fileRef = E5652B642873D8FF001B0B5F /* Record.swift */; };
		E5652B6A2873DB50001B0B5F /* SearchManager.swift in Sources */ = {isa = PBXBuildFile; fileRef = E5652B692873DB50001B0B5F /* SearchManager.swift */; };
		E5652B6D2873DB86001B0B5F /* Alamofire in Frameworks */ = {isa = PBXBuildFile; productRef = E5652B6C2873DB86001B0B5F /* Alamofire */; };
		E5652B702873E6A5001B0B5F /* TypingDetailViewController.swift in Sources */ = {isa = PBXBuildFile; fileRef = E5652B6F2873E6A5001B0B5F /* TypingDetailViewController.swift */; };
		E5652B732873E6D9001B0B5F /* SnapKit in Frameworks */ = {isa = PBXBuildFile; productRef = E5652B722873E6D9001B0B5F /* SnapKit */; };
		E5652B762873FD57001B0B5F /* SwiftSoup in Frameworks */ = {isa = PBXBuildFile; productRef = E5652B752873FD57001B0B5F /* SwiftSoup */; };
		E5652B78287410A6001B0B5F /* TypingDetailPresenter.swift in Sources */ = {isa = PBXBuildFile; fileRef = E5652B77287410A6001B0B5F /* TypingDetailPresenter.swift */; };
		E5652B7A2874143D001B0B5F /* TypingDetailTableViewCell.swift in Sources */ = {isa = PBXBuildFile; fileRef = E5652B792874143D001B0B5F /* TypingDetailTableViewCell.swift */; };
		E56641F128AB7D8A006B718A /* IntroViewController.swift in Sources */ = {isa = PBXBuildFile; fileRef = E56641F028AB7D8A006B718A /* IntroViewController.swift */; };
		E5C72B0B2879644A0063E704 /* TypingListViewController.swift in Sources */ = {isa = PBXBuildFile; fileRef = E5C72B0A2879644A0063E704 /* TypingListViewController.swift */; };
		E5C72B0D287964870063E704 /* TypingListPresenter.swift in Sources */ = {isa = PBXBuildFile; fileRef = E5C72B0C287964870063E704 /* TypingListPresenter.swift */; };
		E5C72B0F287967800063E704 /* TypingListCollectionViewCell.swift in Sources */ = {isa = PBXBuildFile; fileRef = E5C72B0E287967800063E704 /* TypingListCollectionViewCell.swift */; };
		E5CB59652898D04C00D333B5 /* PuzzleDetailPresenter.swift in Sources */ = {isa = PBXBuildFile; fileRef = E5CB59642898D04C00D333B5 /* PuzzleDetailPresenter.swift */; };
		E5CB5969289913F600D333B5 /* UILabel+.swift in Sources */ = {isa = PBXBuildFile; fileRef = E5CB5968289913F600D333B5 /* UILabel+.swift */; };
		E5D6DCA22888CF2400A06A5C /* String+.swift in Sources */ = {isa = PBXBuildFile; fileRef = E5D6DCA12888CF2400A06A5C /* String+.swift */; };
		E5EB751A287AB90B00E62A95 /* Bible.swift in Sources */ = {isa = PBXBuildFile; fileRef = E5EB7519287AB90B00E62A95 /* Bible.swift */; };
/* End PBXBuildFile section */

/* Begin PBXContainerItemProxy section */
		E5652B472873CE0A001B0B5F /* PBXContainerItemProxy */ = {
			isa = PBXContainerItemProxy;
			containerPortal = E5652B282873CE09001B0B5F /* Project object */;
			proxyType = 1;
			remoteGlobalIDString = E5652B2F2873CE09001B0B5F;
			remoteInfo = BibleTyping;
		};
		E5652B512873CE0A001B0B5F /* PBXContainerItemProxy */ = {
			isa = PBXContainerItemProxy;
			containerPortal = E5652B282873CE09001B0B5F /* Project object */;
			proxyType = 1;
			remoteGlobalIDString = E5652B2F2873CE09001B0B5F;
			remoteInfo = BibleTyping;
		};
/* End PBXContainerItemProxy section */

/* Begin PBXFileReference section */
		E50135D42897994F00B36D9D /* PuzzlePresenter.swift */ = {isa = PBXFileReference; lastKnownFileType = sourcecode.swift; path = PuzzlePresenter.swift; sourceTree = "<group>"; };
		E503E26128982D9F00BA6133 /* PuzzleDetailViewController.swift */ = {isa = PBXFileReference; lastKnownFileType = sourcecode.swift; path = PuzzleDetailViewController.swift; sourceTree = "<group>"; };
		E511A7F328AA12E700E46114 /* BibleJson.swift */ = {isa = PBXFileReference; lastKnownFileType = sourcecode.swift; path = BibleJson.swift; sourceTree = "<group>"; };
		E511A7F528AA173C00E46114 /* jsonbible.json */ = {isa = PBXFileReference; lastKnownFileType = text.json; path = jsonbible.json; sourceTree = "<group>"; };
		E5274901288F7A400070AEDA /* TabbarController.swift */ = {isa = PBXFileReference; lastKnownFileType = sourcecode.swift; path = TabbarController.swift; sourceTree = "<group>"; };
		E5274903288F7BC20070AEDA /* PuzzleViewController.swift */ = {isa = PBXFileReference; lastKnownFileType = sourcecode.swift; path = PuzzleViewController.swift; sourceTree = "<group>"; };
		E5274906288FB6D70070AEDA /* Puzzle.swift */ = {isa = PBXFileReference; lastKnownFileType = sourcecode.swift; path = Puzzle.swift; sourceTree = "<group>"; };
		E529F1C628935D1D00B37A13 /* UIColor+.swift */ = {isa = PBXFileReference; lastKnownFileType = sourcecode.swift; path = "UIColor+.swift"; sourceTree = "<group>"; };
		E532384C289E47E100B69749 /* success.json */ = {isa = PBXFileReference; fileEncoding = 4; lastKnownFileType = text.json; path = success.json; sourceTree = "<group>"; };
		E53C860A28ACCD5C00D3D734 /* intro.json */ = {isa = PBXFileReference; fileEncoding = 4; lastKnownFileType = text.json; path = intro.json; sourceTree = "<group>"; };
		E5475DB128BA160800BDFC0F /* correct.json */ = {isa = PBXFileReference; fileEncoding = 4; lastKnownFileType = text.json; path = correct.json; sourceTree = "<group>"; };
		E54F9902287E9CAA00A59A77 /* UserDefaultsManager.swift */ = {isa = PBXFileReference; lastKnownFileType = sourcecode.swift; path = UserDefaultsManager.swift; sourceTree = "<group>"; };
		E54F9904287E9F7400A59A77 /* User.swift */ = {isa = PBXFileReference; lastKnownFileType = sourcecode.swift; path = User.swift; sourceTree = "<group>"; };
		E5652B302873CE09001B0B5F /* BibleTyping.app */ = {isa = PBXFileReference; explicitFileType = wrapper.application; includeInIndex = 0; path = BibleTyping.app; sourceTree = BUILT_PRODUCTS_DIR; };
		E5652B332873CE09001B0B5F /* AppDelegate.swift */ = {isa = PBXFileReference; lastKnownFileType = sourcecode.swift; path = AppDelegate.swift; sourceTree = "<group>"; };
		E5652B352873CE09001B0B5F /* SceneDelegate.swift */ = {isa = PBXFileReference; lastKnownFileType = sourcecode.swift; path = SceneDelegate.swift; sourceTree = "<group>"; };
		E5652B3C2873CE0A001B0B5F /* Assets.xcassets */ = {isa = PBXFileReference; lastKnownFileType = folder.assetcatalog; path = Assets.xcassets; sourceTree = "<group>"; };
		E5652B3F2873CE0A001B0B5F /* Base */ = {isa = PBXFileReference; lastKnownFileType = file.storyboard; name = Base; path = Base.lproj/LaunchScreen.storyboard; sourceTree = "<group>"; };
		E5652B412873CE0A001B0B5F /* Info.plist */ = {isa = PBXFileReference; lastKnownFileType = text.plist.xml; path = Info.plist; sourceTree = "<group>"; };
		E5652B462873CE0A001B0B5F /* BibleTypingTests.xctest */ = {isa = PBXFileReference; explicitFileType = wrapper.cfbundle; includeInIndex = 0; path = BibleTypingTests.xctest; sourceTree = BUILT_PRODUCTS_DIR; };
		E5652B4A2873CE0A001B0B5F /* BibleTypingTests.swift */ = {isa = PBXFileReference; lastKnownFileType = sourcecode.swift; path = BibleTypingTests.swift; sourceTree = "<group>"; };
		E5652B502873CE0A001B0B5F /* BibleTypingUITests.xctest */ = {isa = PBXFileReference; explicitFileType = wrapper.cfbundle; includeInIndex = 0; path = BibleTypingUITests.xctest; sourceTree = BUILT_PRODUCTS_DIR; };
		E5652B542873CE0A001B0B5F /* BibleTypingUITests.swift */ = {isa = PBXFileReference; lastKnownFileType = sourcecode.swift; path = BibleTypingUITests.swift; sourceTree = "<group>"; };
		E5652B562873CE0A001B0B5F /* BibleTypingUITestsLaunchTests.swift */ = {isa = PBXFileReference; lastKnownFileType = sourcecode.swift; path = BibleTypingUITestsLaunchTests.swift; sourceTree = "<group>"; };
		E5652B642873D8FF001B0B5F /* Record.swift */ = {isa = PBXFileReference; lastKnownFileType = sourcecode.swift; path = Record.swift; sourceTree = "<group>"; };
		E5652B692873DB50001B0B5F /* SearchManager.swift */ = {isa = PBXFileReference; lastKnownFileType = sourcecode.swift; path = SearchManager.swift; sourceTree = "<group>"; };
		E5652B6F2873E6A5001B0B5F /* TypingDetailViewController.swift */ = {isa = PBXFileReference; lastKnownFileType = sourcecode.swift; path = TypingDetailViewController.swift; sourceTree = "<group>"; };
		E5652B77287410A6001B0B5F /* TypingDetailPresenter.swift */ = {isa = PBXFileReference; lastKnownFileType = sourcecode.swift; path = TypingDetailPresenter.swift; sourceTree = "<group>"; };
		E5652B792874143D001B0B5F /* TypingDetailTableViewCell.swift */ = {isa = PBXFileReference; lastKnownFileType = sourcecode.swift; path = TypingDetailTableViewCell.swift; sourceTree = "<group>"; };
		E56641F028AB7D8A006B718A /* IntroViewController.swift */ = {isa = PBXFileReference; lastKnownFileType = sourcecode.swift; path = IntroViewController.swift; sourceTree = "<group>"; };
		E5C72B0A2879644A0063E704 /* TypingListViewController.swift */ = {isa = PBXFileReference; lastKnownFileType = sourcecode.swift; path = TypingListViewController.swift; sourceTree = "<group>"; };
		E5C72B0C287964870063E704 /* TypingListPresenter.swift */ = {isa = PBXFileReference; lastKnownFileType = sourcecode.swift; path = TypingListPresenter.swift; sourceTree = "<group>"; };
		E5C72B0E287967800063E704 /* TypingListCollectionViewCell.swift */ = {isa = PBXFileReference; lastKnownFileType = sourcecode.swift; path = TypingListCollectionViewCell.swift; sourceTree = "<group>"; };
		E5CB59642898D04C00D333B5 /* PuzzleDetailPresenter.swift */ = {isa = PBXFileReference; lastKnownFileType = sourcecode.swift; path = PuzzleDetailPresenter.swift; sourceTree = "<group>"; };
		E5CB5968289913F600D333B5 /* UILabel+.swift */ = {isa = PBXFileReference; lastKnownFileType = sourcecode.swift; path = "UILabel+.swift"; sourceTree = "<group>"; };
		E5D6DCA12888CF2400A06A5C /* String+.swift */ = {isa = PBXFileReference; lastKnownFileType = sourcecode.swift; path = "String+.swift"; sourceTree = "<group>"; };
		E5EB7519287AB90B00E62A95 /* Bible.swift */ = {isa = PBXFileReference; lastKnownFileType = sourcecode.swift; path = Bible.swift; sourceTree = "<group>"; };
/* End PBXFileReference section */

/* Begin PBXFrameworksBuildPhase section */
		E5652B2D2873CE09001B0B5F /* Frameworks */ = {
			isa = PBXFrameworksBuildPhase;
			buildActionMask = 2147483647;
			files = (
				E5323850289E497800B69749 /* Lottie in Frameworks */,
				E529F1CA28937CD300B37A13 /* Toast in Frameworks */,
				E5652B6D2873DB86001B0B5F /* Alamofire in Frameworks */,
				E5652B732873E6D9001B0B5F /* SnapKit in Frameworks */,
				E5652B762873FD57001B0B5F /* SwiftSoup in Frameworks */,
			);
			runOnlyForDeploymentPostprocessing = 0;
		};
		E5652B432873CE0A001B0B5F /* Frameworks */ = {
			isa = PBXFrameworksBuildPhase;
			buildActionMask = 2147483647;
			files = (
			);
			runOnlyForDeploymentPostprocessing = 0;
		};
		E5652B4D2873CE0A001B0B5F /* Frameworks */ = {
			isa = PBXFrameworksBuildPhase;
			buildActionMask = 2147483647;
			files = (
			);
			runOnlyForDeploymentPostprocessing = 0;
		};
/* End PBXFrameworksBuildPhase section */

/* Begin PBXGroup section */
		E503E26028982D4E00BA6133 /* PuzzleDetail */ = {
			isa = PBXGroup;
			children = (
				E503E26128982D9F00BA6133 /* PuzzleDetailViewController.swift */,
				E5CB59642898D04C00D333B5 /* PuzzleDetailPresenter.swift */,
			);
			path = PuzzleDetail;
			sourceTree = "<group>";
		};
		E5274905288F7BCD0070AEDA /* Puzzle */ = {
			isa = PBXGroup;
			children = (
				E5274903288F7BC20070AEDA /* PuzzleViewController.swift */,
				E50135D42897994F00B36D9D /* PuzzlePresenter.swift */,
			);
			path = Puzzle;
			sourceTree = "<group>";
		};
		E5652B272873CE09001B0B5F = {
			isa = PBXGroup;
			children = (
				E5652B322873CE09001B0B5F /* BibleTyping */,
				E5652B492873CE0A001B0B5F /* BibleTypingTests */,
				E5652B532873CE0A001B0B5F /* BibleTypingUITests */,
				E5652B312873CE09001B0B5F /* Products */,
			);
			sourceTree = "<group>";
		};
		E5652B312873CE09001B0B5F /* Products */ = {
			isa = PBXGroup;
			children = (
				E5652B302873CE09001B0B5F /* BibleTyping.app */,
				E5652B462873CE0A001B0B5F /* BibleTypingTests.xctest */,
				E5652B502873CE0A001B0B5F /* BibleTypingUITests.xctest */,
			);
			name = Products;
			sourceTree = "<group>";
		};
		E5652B322873CE09001B0B5F /* BibleTyping */ = {
			isa = PBXGroup;
			children = (
				E5652B682873DAFE001B0B5F /* Managers */,
				E5652B632873D8E1001B0B5F /* Models */,
				E5C72B08287963230063E704 /* Scenes */,
				E5652B332873CE09001B0B5F /* AppDelegate.swift */,
				E5652B352873CE09001B0B5F /* SceneDelegate.swift */,
				E5274901288F7A400070AEDA /* TabbarController.swift */,
				E5652B3C2873CE0A001B0B5F /* Assets.xcassets */,
				E5652B3E2873CE0A001B0B5F /* LaunchScreen.storyboard */,
				E5652B412873CE0A001B0B5F /* Info.plist */,
				E5D6DCA12888CF2400A06A5C /* String+.swift */,
				E529F1C628935D1D00B37A13 /* UIColor+.swift */,
				E5CB5968289913F600D333B5 /* UILabel+.swift */,
				E5475DB128BA160800BDFC0F /* correct.json */,
				E53C860A28ACCD5C00D3D734 /* intro.json */,
				E532384C289E47E100B69749 /* success.json */,
				E511A7F528AA173C00E46114 /* jsonbible.json */,
			);
			path = BibleTyping;
			sourceTree = "<group>";
		};
		E5652B492873CE0A001B0B5F /* BibleTypingTests */ = {
			isa = PBXGroup;
			children = (
				E5652B4A2873CE0A001B0B5F /* BibleTypingTests.swift */,
			);
			path = BibleTypingTests;
			sourceTree = "<group>";
		};
		E5652B532873CE0A001B0B5F /* BibleTypingUITests */ = {
			isa = PBXGroup;
			children = (
				E5652B542873CE0A001B0B5F /* BibleTypingUITests.swift */,
				E5652B562873CE0A001B0B5F /* BibleTypingUITestsLaunchTests.swift */,
			);
			path = BibleTypingUITests;
			sourceTree = "<group>";
		};
		E5652B632873D8E1001B0B5F /* Models */ = {
			isa = PBXGroup;
			children = (
				E5652B642873D8FF001B0B5F /* Record.swift */,
				E5EB7519287AB90B00E62A95 /* Bible.swift */,
				E54F9904287E9F7400A59A77 /* User.swift */,
				E5274906288FB6D70070AEDA /* Puzzle.swift */,
				E511A7F328AA12E700E46114 /* BibleJson.swift */,
			);
			path = Models;
			sourceTree = "<group>";
		};
		E5652B682873DAFE001B0B5F /* Managers */ = {
			isa = PBXGroup;
			children = (
				E5652B692873DB50001B0B5F /* SearchManager.swift */,
				E54F9902287E9CAA00A59A77 /* UserDefaultsManager.swift */,
			);
			path = Managers;
			sourceTree = "<group>";
		};
		E5652B6E2873E685001B0B5F /* TypingDetail */ = {
			isa = PBXGroup;
			children = (
				E5652B6F2873E6A5001B0B5F /* TypingDetailViewController.swift */,
				E5652B77287410A6001B0B5F /* TypingDetailPresenter.swift */,
				E5652B792874143D001B0B5F /* TypingDetailTableViewCell.swift */,
			);
			path = TypingDetail;
			sourceTree = "<group>";
		};
		E56641F228AB7D97006B718A /* Intro */ = {
			isa = PBXGroup;
			children = (
				E56641F028AB7D8A006B718A /* IntroViewController.swift */,
			);
			path = Intro;
			sourceTree = "<group>";
		};
		E5C72B08287963230063E704 /* Scenes */ = {
			isa = PBXGroup;
			children = (
				E5C72B09287963FC0063E704 /* TypingList */,
				E5652B6E2873E685001B0B5F /* TypingDetail */,
				E5274905288F7BCD0070AEDA /* Puzzle */,
				E503E26028982D4E00BA6133 /* PuzzleDetail */,
				E56641F228AB7D97006B718A /* Intro */,
			);
			path = Scenes;
			sourceTree = "<group>";
		};
		E5C72B09287963FC0063E704 /* TypingList */ = {
			isa = PBXGroup;
			children = (
				E5C72B0A2879644A0063E704 /* TypingListViewController.swift */,
				E5C72B0C287964870063E704 /* TypingListPresenter.swift */,
				E5C72B0E287967800063E704 /* TypingListCollectionViewCell.swift */,
			);
			path = TypingList;
			sourceTree = "<group>";
		};
/* End PBXGroup section */

/* Begin PBXNativeTarget section */
		E5652B2F2873CE09001B0B5F /* BibleTyping */ = {
			isa = PBXNativeTarget;
			buildConfigurationList = E5652B5A2873CE0A001B0B5F /* Build configuration list for PBXNativeTarget "BibleTyping" */;
			buildPhases = (
				E5652B2C2873CE09001B0B5F /* Sources */,
				E5652B2D2873CE09001B0B5F /* Frameworks */,
				E5652B2E2873CE09001B0B5F /* Resources */,
			);
			buildRules = (
			);
			dependencies = (
			);
			name = BibleTyping;
			packageProductDependencies = (
				E5652B6C2873DB86001B0B5F /* Alamofire */,
				E5652B722873E6D9001B0B5F /* SnapKit */,
				E5652B752873FD57001B0B5F /* SwiftSoup */,
				E529F1C928937CD300B37A13 /* Toast */,
				E532384F289E497800B69749 /* Lottie */,
			);
			productName = BibleTyping;
			productReference = E5652B302873CE09001B0B5F /* BibleTyping.app */;
			productType = "com.apple.product-type.application";
		};
		E5652B452873CE0A001B0B5F /* BibleTypingTests */ = {
			isa = PBXNativeTarget;
			buildConfigurationList = E5652B5D2873CE0A001B0B5F /* Build configuration list for PBXNativeTarget "BibleTypingTests" */;
			buildPhases = (
				E5652B422873CE0A001B0B5F /* Sources */,
				E5652B432873CE0A001B0B5F /* Frameworks */,
				E5652B442873CE0A001B0B5F /* Resources */,
			);
			buildRules = (
			);
			dependencies = (
				E5652B482873CE0A001B0B5F /* PBXTargetDependency */,
			);
			name = BibleTypingTests;
			productName = BibleTypingTests;
			productReference = E5652B462873CE0A001B0B5F /* BibleTypingTests.xctest */;
			productType = "com.apple.product-type.bundle.unit-test";
		};
		E5652B4F2873CE0A001B0B5F /* BibleTypingUITests */ = {
			isa = PBXNativeTarget;
			buildConfigurationList = E5652B602873CE0A001B0B5F /* Build configuration list for PBXNativeTarget "BibleTypingUITests" */;
			buildPhases = (
				E5652B4C2873CE0A001B0B5F /* Sources */,
				E5652B4D2873CE0A001B0B5F /* Frameworks */,
				E5652B4E2873CE0A001B0B5F /* Resources */,
			);
			buildRules = (
			);
			dependencies = (
				E5652B522873CE0A001B0B5F /* PBXTargetDependency */,
			);
			name = BibleTypingUITests;
			productName = BibleTypingUITests;
			productReference = E5652B502873CE0A001B0B5F /* BibleTypingUITests.xctest */;
			productType = "com.apple.product-type.bundle.ui-testing";
		};
/* End PBXNativeTarget section */

/* Begin PBXProject section */
		E5652B282873CE09001B0B5F /* Project object */ = {
			isa = PBXProject;
			attributes = {
				BuildIndependentTargetsInParallel = 1;
				LastSwiftUpdateCheck = 1340;
				LastUpgradeCheck = 1340;
				TargetAttributes = {
					E5652B2F2873CE09001B0B5F = {
						CreatedOnToolsVersion = 13.4.1;
					};
					E5652B452873CE0A001B0B5F = {
						CreatedOnToolsVersion = 13.4.1;
						TestTargetID = E5652B2F2873CE09001B0B5F;
					};
					E5652B4F2873CE0A001B0B5F = {
						CreatedOnToolsVersion = 13.4.1;
						TestTargetID = E5652B2F2873CE09001B0B5F;
					};
				};
			};
			buildConfigurationList = E5652B2B2873CE09001B0B5F /* Build configuration list for PBXProject "BibleTyping" */;
			compatibilityVersion = "Xcode 13.0";
			developmentRegion = en;
			hasScannedForEncodings = 0;
			knownRegions = (
				en,
				Base,
			);
			mainGroup = E5652B272873CE09001B0B5F;
			packageReferences = (
				E5652B6B2873DB86001B0B5F /* XCRemoteSwiftPackageReference "Alamofire" */,
				E5652B712873E6D9001B0B5F /* XCRemoteSwiftPackageReference "SnapKit" */,
				E5652B742873FD57001B0B5F /* XCRemoteSwiftPackageReference "SwiftSoup" */,
				E529F1C828937CD300B37A13 /* XCRemoteSwiftPackageReference "Toast-Swift" */,
				E532384E289E497800B69749 /* XCRemoteSwiftPackageReference "lottie-ios" */,
				E50D12E428A9567F008E0C5D /* XCRemoteSwiftPackageReference "firebase-ios-sdk" */,
				E50D12EB28A956E8008E0C5D /* XCRemoteSwiftPackageReference "firebase-ios-sdk" */,
			);
			productRefGroup = E5652B312873CE09001B0B5F /* Products */;
			projectDirPath = "";
			projectRoot = "";
			targets = (
				E5652B2F2873CE09001B0B5F /* BibleTyping */,
				E5652B452873CE0A001B0B5F /* BibleTypingTests */,
				E5652B4F2873CE0A001B0B5F /* BibleTypingUITests */,
			);
		};
/* End PBXProject section */

/* Begin PBXResourcesBuildPhase section */
		E5652B2E2873CE09001B0B5F /* Resources */ = {
			isa = PBXResourcesBuildPhase;
			buildActionMask = 2147483647;
			files = (
				E511A7F628AA173C00E46114 /* jsonbible.json in Resources */,
				E5652B402873CE0A001B0B5F /* LaunchScreen.storyboard in Resources */,
				E5475DB228BA160800BDFC0F /* correct.json in Resources */,
				E5652B3D2873CE0A001B0B5F /* Assets.xcassets in Resources */,
				E532384D289E47E100B69749 /* success.json in Resources */,
				E53C860B28ACCD5C00D3D734 /* intro.json in Resources */,
			);
			runOnlyForDeploymentPostprocessing = 0;
		};
		E5652B442873CE0A001B0B5F /* Resources */ = {
			isa = PBXResourcesBuildPhase;
			buildActionMask = 2147483647;
			files = (
			);
			runOnlyForDeploymentPostprocessing = 0;
		};
		E5652B4E2873CE0A001B0B5F /* Resources */ = {
			isa = PBXResourcesBuildPhase;
			buildActionMask = 2147483647;
			files = (
			);
			runOnlyForDeploymentPostprocessing = 0;
		};
/* End PBXResourcesBuildPhase section */

/* Begin PBXSourcesBuildPhase section */
		E5652B2C2873CE09001B0B5F /* Sources */ = {
			isa = PBXSourcesBuildPhase;
			buildActionMask = 2147483647;
			files = (
				E5652B78287410A6001B0B5F /* TypingDetailPresenter.swift in Sources */,
				E5C72B0B2879644A0063E704 /* TypingListViewController.swift in Sources */,
				E5652B342873CE09001B0B5F /* AppDelegate.swift in Sources */,
				E54F9903287E9CAA00A59A77 /* UserDefaultsManager.swift in Sources */,
				E511A7F428AA12E700E46114 /* BibleJson.swift in Sources */,
				E5C72B0F287967800063E704 /* TypingListCollectionViewCell.swift in Sources */,
				E5652B7A2874143D001B0B5F /* TypingDetailTableViewCell.swift in Sources */,
				E503E26228982D9F00BA6133 /* PuzzleDetailViewController.swift in Sources */,
				E54F9905287E9F7400A59A77 /* User.swift in Sources */,
				E5CB5969289913F600D333B5 /* UILabel+.swift in Sources */,
				E50135D52897994F00B36D9D /* PuzzlePresenter.swift in Sources */,
				E5274907288FB6D70070AEDA /* Puzzle.swift in Sources */,
				E5652B362873CE09001B0B5F /* SceneDelegate.swift in Sources */,
				E5C72B0D287964870063E704 /* TypingListPresenter.swift in Sources */,
				E5652B6A2873DB50001B0B5F /* SearchManager.swift in Sources */,
				E56641F128AB7D8A006B718A /* IntroViewController.swift in Sources */,
				E5EB751A287AB90B00E62A95 /* Bible.swift in Sources */,
				E5652B702873E6A5001B0B5F /* TypingDetailViewController.swift in Sources */,
				E5CB59652898D04C00D333B5 /* PuzzleDetailPresenter.swift in Sources */,
				E5D6DCA22888CF2400A06A5C /* String+.swift in Sources */,
				E5274902288F7A400070AEDA /* TabbarController.swift in Sources */,
				E5274904288F7BC20070AEDA /* PuzzleViewController.swift in Sources */,
				E5652B652873D8FF001B0B5F /* Record.swift in Sources */,
				E529F1C728935D1D00B37A13 /* UIColor+.swift in Sources */,
			);
			runOnlyForDeploymentPostprocessing = 0;
		};
		E5652B422873CE0A001B0B5F /* Sources */ = {
			isa = PBXSourcesBuildPhase;
			buildActionMask = 2147483647;
			files = (
				E5652B4B2873CE0A001B0B5F /* BibleTypingTests.swift in Sources */,
			);
			runOnlyForDeploymentPostprocessing = 0;
		};
		E5652B4C2873CE0A001B0B5F /* Sources */ = {
			isa = PBXSourcesBuildPhase;
			buildActionMask = 2147483647;
			files = (
				E5652B572873CE0A001B0B5F /* BibleTypingUITestsLaunchTests.swift in Sources */,
				E5652B552873CE0A001B0B5F /* BibleTypingUITests.swift in Sources */,
			);
			runOnlyForDeploymentPostprocessing = 0;
		};
/* End PBXSourcesBuildPhase section */

/* Begin PBXTargetDependency section */
		E5652B482873CE0A001B0B5F /* PBXTargetDependency */ = {
			isa = PBXTargetDependency;
			target = E5652B2F2873CE09001B0B5F /* BibleTyping */;
			targetProxy = E5652B472873CE0A001B0B5F /* PBXContainerItemProxy */;
		};
		E5652B522873CE0A001B0B5F /* PBXTargetDependency */ = {
			isa = PBXTargetDependency;
			target = E5652B2F2873CE09001B0B5F /* BibleTyping */;
			targetProxy = E5652B512873CE0A001B0B5F /* PBXContainerItemProxy */;
		};
/* End PBXTargetDependency section */

/* Begin PBXVariantGroup section */
		E5652B3E2873CE0A001B0B5F /* LaunchScreen.storyboard */ = {
			isa = PBXVariantGroup;
			children = (
				E5652B3F2873CE0A001B0B5F /* Base */,
			);
			name = LaunchScreen.storyboard;
			sourceTree = "<group>";
		};
/* End PBXVariantGroup section */

/* Begin XCBuildConfiguration section */
		E5652B582873CE0A001B0B5F /* Debug */ = {
			isa = XCBuildConfiguration;
			buildSettings = {
				ALWAYS_SEARCH_USER_PATHS = NO;
				CLANG_ANALYZER_NONNULL = YES;
				CLANG_ANALYZER_NUMBER_OBJECT_CONVERSION = YES_AGGRESSIVE;
				CLANG_CXX_LANGUAGE_STANDARD = "gnu++17";
				CLANG_ENABLE_MODULES = YES;
				CLANG_ENABLE_OBJC_ARC = YES;
				CLANG_ENABLE_OBJC_WEAK = YES;
				CLANG_WARN_BLOCK_CAPTURE_AUTORELEASING = YES;
				CLANG_WARN_BOOL_CONVERSION = YES;
				CLANG_WARN_COMMA = YES;
				CLANG_WARN_CONSTANT_CONVERSION = YES;
				CLANG_WARN_DEPRECATED_OBJC_IMPLEMENTATIONS = YES;
				CLANG_WARN_DIRECT_OBJC_ISA_USAGE = YES_ERROR;
				CLANG_WARN_DOCUMENTATION_COMMENTS = YES;
				CLANG_WARN_EMPTY_BODY = YES;
				CLANG_WARN_ENUM_CONVERSION = YES;
				CLANG_WARN_INFINITE_RECURSION = YES;
				CLANG_WARN_INT_CONVERSION = YES;
				CLANG_WARN_NON_LITERAL_NULL_CONVERSION = YES;
				CLANG_WARN_OBJC_IMPLICIT_RETAIN_SELF = YES;
				CLANG_WARN_OBJC_LITERAL_CONVERSION = YES;
				CLANG_WARN_OBJC_ROOT_CLASS = YES_ERROR;
				CLANG_WARN_QUOTED_INCLUDE_IN_FRAMEWORK_HEADER = YES;
				CLANG_WARN_RANGE_LOOP_ANALYSIS = YES;
				CLANG_WARN_STRICT_PROTOTYPES = YES;
				CLANG_WARN_SUSPICIOUS_MOVE = YES;
				CLANG_WARN_UNGUARDED_AVAILABILITY = YES_AGGRESSIVE;
				CLANG_WARN_UNREACHABLE_CODE = YES;
				CLANG_WARN__DUPLICATE_METHOD_MATCH = YES;
				COPY_PHASE_STRIP = NO;
				DEBUG_INFORMATION_FORMAT = dwarf;
				ENABLE_STRICT_OBJC_MSGSEND = YES;
				ENABLE_TESTABILITY = YES;
				GCC_C_LANGUAGE_STANDARD = gnu11;
				GCC_DYNAMIC_NO_PIC = NO;
				GCC_NO_COMMON_BLOCKS = YES;
				GCC_OPTIMIZATION_LEVEL = 0;
				GCC_PREPROCESSOR_DEFINITIONS = (
					"DEBUG=1",
					"$(inherited)",
				);
				GCC_WARN_64_TO_32_BIT_CONVERSION = YES;
				GCC_WARN_ABOUT_RETURN_TYPE = YES_ERROR;
				GCC_WARN_UNDECLARED_SELECTOR = YES;
				GCC_WARN_UNINITIALIZED_AUTOS = YES_AGGRESSIVE;
				GCC_WARN_UNUSED_FUNCTION = YES;
				GCC_WARN_UNUSED_VARIABLE = YES;
				IPHONEOS_DEPLOYMENT_TARGET = 15.5;
				MTL_ENABLE_DEBUG_INFO = INCLUDE_SOURCE;
				MTL_FAST_MATH = YES;
				ONLY_ACTIVE_ARCH = YES;
				SDKROOT = iphoneos;
				SWIFT_ACTIVE_COMPILATION_CONDITIONS = DEBUG;
				SWIFT_OPTIMIZATION_LEVEL = "-Onone";
			};
			name = Debug;
		};
		E5652B592873CE0A001B0B5F /* Release */ = {
			isa = XCBuildConfiguration;
			buildSettings = {
				ALWAYS_SEARCH_USER_PATHS = NO;
				CLANG_ANALYZER_NONNULL = YES;
				CLANG_ANALYZER_NUMBER_OBJECT_CONVERSION = YES_AGGRESSIVE;
				CLANG_CXX_LANGUAGE_STANDARD = "gnu++17";
				CLANG_ENABLE_MODULES = YES;
				CLANG_ENABLE_OBJC_ARC = YES;
				CLANG_ENABLE_OBJC_WEAK = YES;
				CLANG_WARN_BLOCK_CAPTURE_AUTORELEASING = YES;
				CLANG_WARN_BOOL_CONVERSION = YES;
				CLANG_WARN_COMMA = YES;
				CLANG_WARN_CONSTANT_CONVERSION = YES;
				CLANG_WARN_DEPRECATED_OBJC_IMPLEMENTATIONS = YES;
				CLANG_WARN_DIRECT_OBJC_ISA_USAGE = YES_ERROR;
				CLANG_WARN_DOCUMENTATION_COMMENTS = YES;
				CLANG_WARN_EMPTY_BODY = YES;
				CLANG_WARN_ENUM_CONVERSION = YES;
				CLANG_WARN_INFINITE_RECURSION = YES;
				CLANG_WARN_INT_CONVERSION = YES;
				CLANG_WARN_NON_LITERAL_NULL_CONVERSION = YES;
				CLANG_WARN_OBJC_IMPLICIT_RETAIN_SELF = YES;
				CLANG_WARN_OBJC_LITERAL_CONVERSION = YES;
				CLANG_WARN_OBJC_ROOT_CLASS = YES_ERROR;
				CLANG_WARN_QUOTED_INCLUDE_IN_FRAMEWORK_HEADER = YES;
				CLANG_WARN_RANGE_LOOP_ANALYSIS = YES;
				CLANG_WARN_STRICT_PROTOTYPES = YES;
				CLANG_WARN_SUSPICIOUS_MOVE = YES;
				CLANG_WARN_UNGUARDED_AVAILABILITY = YES_AGGRESSIVE;
				CLANG_WARN_UNREACHABLE_CODE = YES;
				CLANG_WARN__DUPLICATE_METHOD_MATCH = YES;
				COPY_PHASE_STRIP = NO;
				DEBUG_INFORMATION_FORMAT = "dwarf-with-dsym";
				ENABLE_NS_ASSERTIONS = NO;
				ENABLE_STRICT_OBJC_MSGSEND = YES;
				GCC_C_LANGUAGE_STANDARD = gnu11;
				GCC_NO_COMMON_BLOCKS = YES;
				GCC_WARN_64_TO_32_BIT_CONVERSION = YES;
				GCC_WARN_ABOUT_RETURN_TYPE = YES_ERROR;
				GCC_WARN_UNDECLARED_SELECTOR = YES;
				GCC_WARN_UNINITIALIZED_AUTOS = YES_AGGRESSIVE;
				GCC_WARN_UNUSED_FUNCTION = YES;
				GCC_WARN_UNUSED_VARIABLE = YES;
				IPHONEOS_DEPLOYMENT_TARGET = 15.5;
				MTL_ENABLE_DEBUG_INFO = NO;
				MTL_FAST_MATH = YES;
				SDKROOT = iphoneos;
				SWIFT_COMPILATION_MODE = wholemodule;
				SWIFT_OPTIMIZATION_LEVEL = "-O";
				VALIDATE_PRODUCT = YES;
			};
			name = Release;
		};
		E5652B5B2873CE0A001B0B5F /* Debug */ = {
			isa = XCBuildConfiguration;
			buildSettings = {
				ASSETCATALOG_COMPILER_APPICON_NAME = AppIcon;
				ASSETCATALOG_COMPILER_GLOBAL_ACCENT_COLOR_NAME = AccentColor;
				CODE_SIGN_STYLE = Automatic;
				CURRENT_PROJECT_VERSION = 1;
				DEVELOPMENT_TEAM = 5WQ6FF85SW;
				GENERATE_INFOPLIST_FILE = YES;
				INFOPLIST_FILE = BibleTyping/Info.plist;
				INFOPLIST_KEY_UIApplicationSupportsIndirectInputEvents = YES;
				INFOPLIST_KEY_UILaunchStoryboardName = LaunchScreen;
				INFOPLIST_KEY_UIMainStoryboardFile = "";
				INFOPLIST_KEY_UISupportedInterfaceOrientations = UIInterfaceOrientationPortrait;
				INFOPLIST_KEY_UISupportedInterfaceOrientations_iPad = "UIInterfaceOrientationPortrait UIInterfaceOrientationPortraitUpsideDown UIInterfaceOrientationLandscapeLeft UIInterfaceOrientationLandscapeRight";
				INFOPLIST_KEY_UISupportedInterfaceOrientations_iPhone = "UIInterfaceOrientationPortrait UIInterfaceOrientationLandscapeLeft UIInterfaceOrientationLandscapeRight";
				IPHONEOS_DEPLOYMENT_TARGET = 14.0;
				LD_RUNPATH_SEARCH_PATHS = (
					"$(inherited)",
					"@executable_path/Frameworks",
				);
				MARKETING_VERSION = 2.3;
				PRODUCT_BUNDLE_IDENTIFIER = "aeron-kim.BibleTyping";
				PRODUCT_NAME = "$(TARGET_NAME)";
				SWIFT_EMIT_LOC_STRINGS = YES;
				SWIFT_VERSION = 5.0;
				TARGETED_DEVICE_FAMILY = "1,2";
			};
			name = Debug;
		};
		E5652B5C2873CE0A001B0B5F /* Release */ = {
			isa = XCBuildConfiguration;
			buildSettings = {
				ASSETCATALOG_COMPILER_APPICON_NAME = AppIcon;
				ASSETCATALOG_COMPILER_GLOBAL_ACCENT_COLOR_NAME = AccentColor;
				CODE_SIGN_STYLE = Automatic;
				CURRENT_PROJECT_VERSION = 1;
				DEVELOPMENT_TEAM = 5WQ6FF85SW;
				GENERATE_INFOPLIST_FILE = YES;
				INFOPLIST_FILE = BibleTyping/Info.plist;
				INFOPLIST_KEY_UIApplicationSupportsIndirectInputEvents = YES;
				INFOPLIST_KEY_UILaunchStoryboardName = LaunchScreen;
				INFOPLIST_KEY_UIMainStoryboardFile = "";
				INFOPLIST_KEY_UISupportedInterfaceOrientations = UIInterfaceOrientationPortrait;
				INFOPLIST_KEY_UISupportedInterfaceOrientations_iPad = "UIInterfaceOrientationPortrait UIInterfaceOrientationPortraitUpsideDown UIInterfaceOrientationLandscapeLeft UIInterfaceOrientationLandscapeRight";
				INFOPLIST_KEY_UISupportedInterfaceOrientations_iPhone = "UIInterfaceOrientationPortrait UIInterfaceOrientationLandscapeLeft UIInterfaceOrientationLandscapeRight";
				IPHONEOS_DEPLOYMENT_TARGET = 14.0;
				LD_RUNPATH_SEARCH_PATHS = (
					"$(inherited)",
					"@executable_path/Frameworks",
				);
				MARKETING_VERSION = 2.3;
				PRODUCT_BUNDLE_IDENTIFIER = "aeron-kim.BibleTyping";
				PRODUCT_NAME = "$(TARGET_NAME)";
				SWIFT_EMIT_LOC_STRINGS = YES;
				SWIFT_VERSION = 5.0;
				TARGETED_DEVICE_FAMILY = "1,2";
			};
			name = Release;
		};
		E5652B5E2873CE0A001B0B5F /* Debug */ = {
			isa = XCBuildConfiguration;
			buildSettings = {
				ALWAYS_EMBED_SWIFT_STANDARD_LIBRARIES = YES;
				BUNDLE_LOADER = "$(TEST_HOST)";
				CODE_SIGN_STYLE = Automatic;
				CURRENT_PROJECT_VERSION = 1;
				DEVELOPMENT_TEAM = 5WQ6FF85SW;
				GENERATE_INFOPLIST_FILE = YES;
				IPHONEOS_DEPLOYMENT_TARGET = 15.5;
				MARKETING_VERSION = 1.0;
				PRODUCT_BUNDLE_IDENTIFIER = "aeron-kim.BibleTypingTests";
				PRODUCT_NAME = "$(TARGET_NAME)";
				SWIFT_EMIT_LOC_STRINGS = NO;
				SWIFT_VERSION = 5.0;
				TARGETED_DEVICE_FAMILY = "1,2";
				TEST_HOST = "$(BUILT_PRODUCTS_DIR)/BibleTyping.app/BibleTyping";
			};
			name = Debug;
		};
		E5652B5F2873CE0A001B0B5F /* Release */ = {
			isa = XCBuildConfiguration;
			buildSettings = {
				ALWAYS_EMBED_SWIFT_STANDARD_LIBRARIES = YES;
				BUNDLE_LOADER = "$(TEST_HOST)";
				CODE_SIGN_STYLE = Automatic;
				CURRENT_PROJECT_VERSION = 1;
				DEVELOPMENT_TEAM = 5WQ6FF85SW;
				GENERATE_INFOPLIST_FILE = YES;
				IPHONEOS_DEPLOYMENT_TARGET = 15.5;
				MARKETING_VERSION = 1.0;
				PRODUCT_BUNDLE_IDENTIFIER = "aeron-kim.BibleTypingTests";
				PRODUCT_NAME = "$(TARGET_NAME)";
				SWIFT_EMIT_LOC_STRINGS = NO;
				SWIFT_VERSION = 5.0;
				TARGETED_DEVICE_FAMILY = "1,2";
				TEST_HOST = "$(BUILT_PRODUCTS_DIR)/BibleTyping.app/BibleTyping";
			};
			name = Release;
		};
		E5652B612873CE0A001B0B5F /* Debug */ = {
			isa = XCBuildConfiguration;
			buildSettings = {
				ALWAYS_EMBED_SWIFT_STANDARD_LIBRARIES = YES;
				CODE_SIGN_STYLE = Automatic;
				CURRENT_PROJECT_VERSION = 1;
				DEVELOPMENT_TEAM = 5WQ6FF85SW;
				GENERATE_INFOPLIST_FILE = YES;
				MARKETING_VERSION = 1.0;
				PRODUCT_BUNDLE_IDENTIFIER = "aeron-kim.BibleTypingUITests";
				PRODUCT_NAME = "$(TARGET_NAME)";
				SWIFT_EMIT_LOC_STRINGS = NO;
				SWIFT_VERSION = 5.0;
				TARGETED_DEVICE_FAMILY = "1,2";
				TEST_TARGET_NAME = BibleTyping;
			};
			name = Debug;
		};
		E5652B622873CE0A001B0B5F /* Release */ = {
			isa = XCBuildConfiguration;
			buildSettings = {
				ALWAYS_EMBED_SWIFT_STANDARD_LIBRARIES = YES;
				CODE_SIGN_STYLE = Automatic;
				CURRENT_PROJECT_VERSION = 1;
				DEVELOPMENT_TEAM = 5WQ6FF85SW;
				GENERATE_INFOPLIST_FILE = YES;
				MARKETING_VERSION = 1.0;
				PRODUCT_BUNDLE_IDENTIFIER = "aeron-kim.BibleTypingUITests";
				PRODUCT_NAME = "$(TARGET_NAME)";
				SWIFT_EMIT_LOC_STRINGS = NO;
				SWIFT_VERSION = 5.0;
				TARGETED_DEVICE_FAMILY = "1,2";
				TEST_TARGET_NAME = BibleTyping;
			};
			name = Release;
		};
/* End XCBuildConfiguration section */

/* Begin XCConfigurationList section */
		E5652B2B2873CE09001B0B5F /* Build configuration list for PBXProject "BibleTyping" */ = {
			isa = XCConfigurationList;
			buildConfigurations = (
				E5652B582873CE0A001B0B5F /* Debug */,
				E5652B592873CE0A001B0B5F /* Release */,
			);
			defaultConfigurationIsVisible = 0;
			defaultConfigurationName = Release;
		};
		E5652B5A2873CE0A001B0B5F /* Build configuration list for PBXNativeTarget "BibleTyping" */ = {
			isa = XCConfigurationList;
			buildConfigurations = (
				E5652B5B2873CE0A001B0B5F /* Debug */,
				E5652B5C2873CE0A001B0B5F /* Release */,
			);
			defaultConfigurationIsVisible = 0;
			defaultConfigurationName = Release;
		};
		E5652B5D2873CE0A001B0B5F /* Build configuration list for PBXNativeTarget "BibleTypingTests" */ = {
			isa = XCConfigurationList;
			buildConfigurations = (
				E5652B5E2873CE0A001B0B5F /* Debug */,
				E5652B5F2873CE0A001B0B5F /* Release */,
			);
			defaultConfigurationIsVisible = 0;
			defaultConfigurationName = Release;
		};
		E5652B602873CE0A001B0B5F /* Build configuration list for PBXNativeTarget "BibleTypingUITests" */ = {
			isa = XCConfigurationList;
			buildConfigurations = (
				E5652B612873CE0A001B0B5F /* Debug */,
				E5652B622873CE0A001B0B5F /* Release */,
			);
			defaultConfigurationIsVisible = 0;
			defaultConfigurationName = Release;
		};
/* End XCConfigurationList section */

/* Begin XCRemoteSwiftPackageReference section */
		E50D12E428A9567F008E0C5D /* XCRemoteSwiftPackageReference "firebase-ios-sdk" */ = {
			isa = XCRemoteSwiftPackageReference;
			repositoryURL = "https://github.com/firebase/firebase-ios-sdk";
			requirement = {
				branch = master;
				kind = branch;
			};
		};
		E50D12EB28A956E8008E0C5D /* XCRemoteSwiftPackageReference "firebase-ios-sdk" */ = {
			isa = XCRemoteSwiftPackageReference;
			repositoryURL = "https://github.com/firebase/firebase-ios-sdk";
			requirement = {
				branch = master;
				kind = branch;
			};
		};
		E529F1C828937CD300B37A13 /* XCRemoteSwiftPackageReference "Toast-Swift" */ = {
			isa = XCRemoteSwiftPackageReference;
			repositoryURL = "https://github.com/scalessec/Toast-Swift";
			requirement = {
				kind = upToNextMajorVersion;
				minimumVersion = 5.0.0;
			};
		};
		E532384E289E497800B69749 /* XCRemoteSwiftPackageReference "lottie-ios" */ = {
			isa = XCRemoteSwiftPackageReference;
			repositoryURL = "https://github.com/airbnb/lottie-ios";
			requirement = {
				kind = upToNextMajorVersion;
				minimumVersion = 3.0.0;
			};
		};
		E5652B6B2873DB86001B0B5F /* XCRemoteSwiftPackageReference "Alamofire" */ = {
			isa = XCRemoteSwiftPackageReference;
			repositoryURL = "https://github.com/Alamofire/Alamofire.git";
			requirement = {
				kind = upToNextMajorVersion;
				minimumVersion = 5.0.0;
			};
		};
		E5652B712873E6D9001B0B5F /* XCRemoteSwiftPackageReference "SnapKit" */ = {
			isa = XCRemoteSwiftPackageReference;
			repositoryURL = "https://github.com/SnapKit/SnapKit.git";
			requirement = {
				branch = develop;
				kind = branch;
			};
		};
		E5652B742873FD57001B0B5F /* XCRemoteSwiftPackageReference "SwiftSoup" */ = {
			isa = XCRemoteSwiftPackageReference;
			repositoryURL = "https://github.com/scinfu/SwiftSoup.git";
			requirement = {
				kind = upToNextMajorVersion;
				minimumVersion = 2.0.0;
			};
		};
/* End XCRemoteSwiftPackageReference section */

/* Begin XCSwiftPackageProductDependency section */
		E529F1C928937CD300B37A13 /* Toast */ = {
			isa = XCSwiftPackageProductDependency;
			package = E529F1C828937CD300B37A13 /* XCRemoteSwiftPackageReference "Toast-Swift" */;
			productName = Toast;
		};
		E532384F289E497800B69749 /* Lottie */ = {
			isa = XCSwiftPackageProductDependency;
			package = E532384E289E497800B69749 /* XCRemoteSwiftPackageReference "lottie-ios" */;
			productName = Lottie;
		};
		E5652B6C2873DB86001B0B5F /* Alamofire */ = {
			isa = XCSwiftPackageProductDependency;
			package = E5652B6B2873DB86001B0B5F /* XCRemoteSwiftPackageReference "Alamofire" */;
			productName = Alamofire;
		};
		E5652B722873E6D9001B0B5F /* SnapKit */ = {
			isa = XCSwiftPackageProductDependency;
			package = E5652B712873E6D9001B0B5F /* XCRemoteSwiftPackageReference "SnapKit" */;
			productName = SnapKit;
		};
		E5652B752873FD57001B0B5F /* SwiftSoup */ = {
			isa = XCSwiftPackageProductDependency;
			package = E5652B742873FD57001B0B5F /* XCRemoteSwiftPackageReference "SwiftSoup" */;
			productName = SwiftSoup;
		};
/* End XCSwiftPackageProductDependency section */
	};
	rootObject = E5652B282873CE09001B0B5F /* Project object */;
}
